
Microsoft Visual Studio Solution File, Format Version 12.00
# Visual Studio 2013
VisualStudioVersion = 12.0.31101.0
MinimumVisualStudioVersion = 10.0.40219.1
Project("{FAE04EC0-301F-11D3-BF4B-00C04F79EFBC}") = "1. Handling Exceptions", "HandlingExceptions\1. Handling Exceptions.csproj", "{003BBEF0-95BE-4EFA-950C-33ED142A14FC}"
EndProject
Project("{FAE04EC0-301F-11D3-BF4B-00C04F79EFBC}") = "5. Throwing Exceptions", "ThrowingExceptions\5. Throwing Exceptions.csproj", "{9A9489E7-CC15-4F73-AD60-EF2D7513450D}"
EndProject
Project("{FAE04EC0-301F-11D3-BF4B-00C04F79EFBC}") = "6. Try - Finally", "TryFinally\6. Try - Finally.csproj", "{C9CECF1A-07A4-4706-8427-B190C5ED2F2E}"
EndProject
Project("{FAE04EC0-301F-11D3-BF4B-00C04F79EFBC}") = "2. ExceptionsProperties", "ExceptionsProperties\2. ExceptionsProperties.csproj", "{5E970F80-1689-46C9-9756-6E746F885C58}"
EndProject
Project("{FAE04EC0-301F-11D3-BF4B-00C04F79EFBC}") = "7. Read-Text-File", "Read-Text-File\7. Read-Text-File.csproj", "{95023BEA-124E-4452-B263-17921EFDCCF6}"
EndProject
Project("{FAE04EC0-301F-11D3-BF4B-00C04F79EFBC}") = "4. StackTrace", "StackTrace\4. StackTrace.csproj", "{C9E35E3C-74D3-4FAB-9199-9804D69FBD84}"
EndProject
Project("{FAE04EC0-301F-11D3-BF4B-00C04F79EFBC}") = "3. CallStack", "CallStack\3. CallStack.csproj", "{D57E8405-2795-48B2-92ED-D9A4483BC53A}"
EndProject
Project("{FAE04EC0-301F-11D3-BF4B-00C04F79EFBC}") = "8. CustomExceptions", "CustomExceptions\8. CustomExceptions.csproj", "{9D227B01-ABFE-4C28-940D-49AC1DCFE087}"
EndProject
Global
	GlobalSection(SolutionConfigurationPlatforms) = preSolution
		Debug|Any CPU = Debug|Any CPU
		Release|Any CPU = Release|Any CPU
	EndGlobalSection
	GlobalSection(ProjectConfigurationPlatforms) = postSolution
		{003BBEF0-95BE-4EFA-950C-33ED142A14FC}.Debug|Any CPU.ActiveCfg = Debug|Any CPU
		{003BBEF0-95BE-4EFA-950C-33ED142A14FC}.Debug|Any CPU.Build.0 = Debug|Any CPU
		{003BBEF0-95BE-4EFA-950C-33ED142A14FC}.Release|Any CPU.ActiveCfg = Release|Any CPU
		{003BBEF0-95BE-4EFA-950C-33ED142A14FC}.Release|Any CPU.Build.0 = Release|Any CPU
		{9A9489E7-CC15-4F73-AD60-EF2D7513450D}.Debug|Any CPU.ActiveCfg = Debug|Any CPU
		{9A9489E7-CC15-4F73-AD60-EF2D7513450D}.Debug|Any CPU.Build.0 = Debug|Any CPU
		{9A9489E7-CC15-4F73-AD60-EF2D7513450D}.Release|Any CPU.ActiveCfg = Release|Any CPU
		{9A9489E7-CC15-4F73-AD60-EF2D7513450D}.Release|Any CPU.Build.0 = Release|Any CPU
		{C9CECF1A-07A4-4706-8427-B190C5ED2F2E}.Debug|Any CPU.ActiveCfg = Debug|Any CPU
		{C9CECF1A-07A4-4706-8427-B190C5ED2F2E}.Debug|Any CPU.Build.0 = Debug|Any CPU
		{C9CECF1A-07A4-4706-8427-B190C5ED2F2E}.Release|Any CPU.ActiveCfg = Release|Any CPU
		{C9CECF1A-07A4-4706-8427-B190C5ED2F2E}.Release|Any CPU.Build.0 = Release|Any CPU
		{5E970F80-1689-46C9-9756-6E746F885C58}.Debug|Any CPU.ActiveCfg = Debug|Any CPU
		{5E970F80-1689-46C9-9756-6E746F885C58}.Debug|Any CPU.Build.0 = Debug|Any CPU
		{5E970F80-1689-46C9-9756-6E746F885C58}.Release|Any CPU.ActiveCfg = Release|Any CPU
		{5E970F80-1689-46C9-9756-6E746F885C58}.Release|Any CPU.Build.0 = Release|Any CPU
		{95023BEA-124E-4452-B263-17921EFDCCF6}.Debug|Any CPU.ActiveCfg = Debug|Any CPU
		{95023BEA-124E-4452-B263-17921EFDCCF6}.Debug|Any CPU.Build.0 = Debug|Any CPU
		{95023BEA-124E-4452-B263-17921EFDCCF6}.Release|Any CPU.ActiveCfg = Release|Any CPU
		{95023BEA-124E-4452-B263-17921EFDCCF6}.Release|Any CPU.Build.0 = Release|Any CPU
		{C9E35E3C-74D3-4FAB-9199-9804D69FBD84}.Debug|Any CPU.ActiveCfg = Debug|Any CPU
		{C9E35E3C-74D3-4FAB-9199-9804D69FBD84}.Debug|Any CPU.Build.0 = Debug|Any CPU
		{C9E35E3C-74D3-4FAB-9199-9804D69FBD84}.Release|Any CPU.ActiveCfg = Release|Any CPU
		{C9E35E3C-74D3-4FAB-9199-9804D69FBD84}.Release|Any CPU.Build.0 = Release|Any CPU
		{D57E8405-2795-48B2-92ED-D9A4483BC53A}.Debug|Any CPU.ActiveCfg = Debug|Any CPU
		{D57E8405-2795-48B2-92ED-D9A4483BC53A}.Debug|Any CPU.Build.0 = Debug|Any CPU
		{D57E8405-2795-48B2-92ED-D9A4483BC53A}.Release|Any CPU.ActiveCfg = Release|Any CPU
		{D57E8405-2795-48B2-92ED-D9A4483BC53A}.Release|Any CPU.Build.0 = Release|Any CPU
		{9D227B01-ABFE-4C28-940D-49AC1DCFE087}.Debug|Any CPU.ActiveCfg = Debug|Any CPU
		{9D227B01-ABFE-4C28-940D-49AC1DCFE087}.Debug|Any CPU.Build.0 = Debug|Any CPU
		{9D227B01-ABFE-4C28-940D-49AC1DCFE087}.Release|Any CPU.ActiveCfg = Release|Any CPU
		{9D227B01-ABFE-4C28-940D-49AC1DCFE087}.Release|Any CPU.Build.0 = Release|Any CPU
	EndGlobalSection
	GlobalSection(SolutionProperties) = preSolution
		HideSolutionNode = FALSE
	EndGlobalSection
EndGlobal
